
Microsoft Visual Studio Solution File, Format Version 12.00
# Visual Studio Version 17
VisualStudioVersion = 17.4.33110.190
MinimumVisualStudioVersion = 10.0.40219.1
Project("{9A19103F-16F7-4668-BE54-9A1E7A4F7556}") = "LisofermaChatBot", "LisofermaChatBot.csproj", "{49E3EDAC-BC89-4119-87C0-CA8EF45B18BB}"
EndProject
Project("{2150E333-8FDC-42A3-9474-1A3956D46DE8}") = "ChatBotGUI", "ChatBotGUI", "{51C6636B-189B-4CC2-9D71-B35D6FBDD651}"
EndProject
Project("{FAE04EC0-301F-11D3-BF4B-00C04F79EFBC}") = "ChatBotGUIExample", "ChatBotGUIExample\ChatBotGUIExample.csproj", "{C87A9649-3515-4D22-BCCA-C55FA298DA55}"
EndProject
Global
	GlobalSection(SolutionConfigurationPlatforms) = preSolution
		Debug|Any CPU = Debug|Any CPU
		Release|Any CPU = Release|Any CPU
	EndGlobalSection
	GlobalSection(ProjectConfigurationPlatforms) = postSolution
		{49E3EDAC-BC89-4119-87C0-CA8EF45B18BB}.Debug|Any CPU.ActiveCfg = Debug|Any CPU
		{49E3EDAC-BC89-4119-87C0-CA8EF45B18BB}.Debug|Any CPU.Build.0 = Debug|Any CPU
		{49E3EDAC-BC89-4119-87C0-CA8EF45B18BB}.Release|Any CPU.ActiveCfg = Release|Any CPU
		{49E3EDAC-BC89-4119-87C0-CA8EF45B18BB}.Release|Any CPU.Build.0 = Release|Any CPU
		{C87A9649-3515-4D22-BCCA-C55FA298DA55}.Debug|Any CPU.ActiveCfg = Debug|Any CPU
		{C87A9649-3515-4D22-BCCA-C55FA298DA55}.Debug|Any CPU.Build.0 = Debug|Any CPU
		{C87A9649-3515-4D22-BCCA-C55FA298DA55}.Release|Any CPU.ActiveCfg = Release|Any CPU
		{C87A9649-3515-4D22-BCCA-C55FA298DA55}.Release|Any CPU.Build.0 = Release|Any CPU
	EndGlobalSection
	GlobalSection(SolutionProperties) = preSolution
		HideSolutionNode = FALSE
	EndGlobalSection
	GlobalSection(NestedProjects) = preSolution
		{C87A9649-3515-4D22-BCCA-C55FA298DA55} = {51C6636B-189B-4CC2-9D71-B35D6FBDD651}
	EndGlobalSection
	GlobalSection(ExtensibilityGlobals) = postSolution
		SolutionGuid = {BF6BA314-FB4B-4F52-8A59-B72A5DB8DA1D}
	EndGlobalSection
EndGlobal
